
Microsoft Visual Studio Solution File, Format Version 11.00
# Visual Studio 2010
Project("{8BC9CEB8-8B4A-11D0-8D11-00A0C91BC942}") = "Particles", "Particles.vcxproj", "{196EE9C1-735A-48EC-9AE1-0250D090C95F}"
EndProject
Global
	GlobalSection(SolutionConfigurationPlatforms) = preSolution
		Debug|Win32 = Debug|Win32
		Release|Win32 = Release|Win32
	EndGlobalSection
	GlobalSection(ProjectConfigurationPlatforms) = postSolution
		{196EE9C1-735A-48EC-9AE1-0250D090C95F}.Debug|Win32.ActiveCfg = Debug|Win32
		{196EE9C1-735A-48EC-9AE1-0250D090C95F}.Debug|Win32.Build.0 = Debug|Win32
		{196EE9C1-735A-48EC-9AE1-0250D090C95F}.Release|Win32.ActiveCfg = Release|Win32
		{196EE9C1-735A-48EC-9AE1-0250D090C95F}.Release|Win32.Build.0 = Release|Win32
	EndGlobalSection
	GlobalSection(SolutionProperties) = preSolution
		HideSolutionNode = FALSE
	EndGlobalSection
EndGlobal
